
Microsoft Visual Studio Solution File, Format Version 12.00
Project("{FAE04EC0-301F-11D3-BF4B-00C04F79EFBC}") = "aspnet6", "aspnet6.csproj", "{04C5FB3A-E716-4C0C-9123-872F11C1BFAB}"
EndProject
Global
	GlobalSection(SolutionConfigurationPlatforms) = preSolution
		Debug|Any CPU = Debug|Any CPU
		Release|Any CPU = Release|Any CPU
	EndGlobalSection
	GlobalSection(ProjectConfigurationPlatforms) = postSolution
		{04C5FB3A-E716-4C0C-9123-872F11C1BFAB}.Debug|Any CPU.ActiveCfg = Debug|Any CPU
		{04C5FB3A-E716-4C0C-9123-872F11C1BFAB}.Debug|Any CPU.Build.0 = Debug|Any CPU
		{04C5FB3A-E716-4C0C-9123-872F11C1BFAB}.Release|Any CPU.ActiveCfg = Release|Any CPU
		{04C5FB3A-E716-4C0C-9123-872F11C1BFAB}.Release|Any CPU.Build.0 = Release|Any CPU
	EndGlobalSection
EndGlobal
